
Microsoft Visual Studio Solution File, Format Version 12.00
# Visual Studio Version 16
VisualStudioVersion = 16.0.30309.148
MinimumVisualStudioVersion = 10.0.40219.1
Project("{FAE04EC0-301F-11D3-BF4B-00C04F79EFBC}") = "Lab11", "Lab11.csproj", "{5A6372D5-1720-4DC0-A377-63602788FAD4}"
EndProject
Global
	GlobalSection(SolutionConfigurationPlatforms) = preSolution
		Debug|Any CPU = Debug|Any CPU
		Release|Any CPU = Release|Any CPU
	EndGlobalSection
	GlobalSection(ProjectConfigurationPlatforms) = postSolution
		{5A6372D5-1720-4DC0-A377-63602788FAD4}.Debug|Any CPU.ActiveCfg = Debug|Any CPU
		{5A6372D5-1720-4DC0-A377-63602788FAD4}.Debug|Any CPU.Build.0 = Debug|Any CPU
		{5A6372D5-1720-4DC0-A377-63602788FAD4}.Release|Any CPU.ActiveCfg = Release|Any CPU
		{5A6372D5-1720-4DC0-A377-63602788FAD4}.Release|Any CPU.Build.0 = Release|Any CPU
	EndGlobalSection
	GlobalSection(SolutionProperties) = preSolution
		HideSolutionNode = FALSE
	EndGlobalSection
	GlobalSection(ExtensibilityGlobals) = postSolution
		SolutionGuid = {303AFAA0-3FBE-4555-BF93-62B3F863F3EB}
	EndGlobalSection
EndGlobal
